
Microsoft Visual Studio Solution File, Format Version 12.00
# Visual Studio Version 17
VisualStudioVersion = 17.8.34330.188
MinimumVisualStudioVersion = 10.0.40219.1
Project("{FAE04EC0-301F-11D3-BF4B-00C04F79EFBC}") = "MoreCSharpFun", "MoreCSharpFun.csproj", "{13A3295B-2EC7-4368-A9FF-A0DE7CD3B9F0}"
EndProject
Global
	GlobalSection(SolutionConfigurationPlatforms) = preSolution
		Debug|Any CPU = Debug|Any CPU
		Release|Any CPU = Release|Any CPU
	EndGlobalSection
	GlobalSection(ProjectConfigurationPlatforms) = postSolution
		{13A3295B-2EC7-4368-A9FF-A0DE7CD3B9F0}.Debug|Any CPU.ActiveCfg = Debug|Any CPU
		{13A3295B-2EC7-4368-A9FF-A0DE7CD3B9F0}.Debug|Any CPU.Build.0 = Debug|Any CPU
		{13A3295B-2EC7-4368-A9FF-A0DE7CD3B9F0}.Release|Any CPU.ActiveCfg = Release|Any CPU
		{13A3295B-2EC7-4368-A9FF-A0DE7CD3B9F0}.Release|Any CPU.Build.0 = Release|Any CPU
	EndGlobalSection
	GlobalSection(SolutionProperties) = preSolution
		HideSolutionNode = FALSE
	EndGlobalSection
	GlobalSection(ExtensibilityGlobals) = postSolution
		SolutionGuid = {8C2402B6-2E09-4B40-863D-DD5964C03DCA}
	EndGlobalSection
EndGlobal
